
Microsoft Visual Studio Solution File, Format Version 12.00
# Visual Studio Version 17
VisualStudioVersion = 17.14.36310.24 d17.14
MinimumVisualStudioVersion = 10.0.40219.1
Project("{FAE04EC0-301F-11D3-BF4B-00C04F79EFBC}") = "Exceptional_handling", "Exceptional_handling.csproj", "{8B27714D-C14B-43F3-A4B1-5F1138C50BE0}"
EndProject
Global
	GlobalSection(SolutionConfigurationPlatforms) = preSolution
		Debug|Any CPU = Debug|Any CPU
		Release|Any CPU = Release|Any CPU
	EndGlobalSection
	GlobalSection(ProjectConfigurationPlatforms) = postSolution
		{8B27714D-C14B-43F3-A4B1-5F1138C50BE0}.Debug|Any CPU.ActiveCfg = Debug|Any CPU
		{8B27714D-C14B-43F3-A4B1-5F1138C50BE0}.Debug|Any CPU.Build.0 = Debug|Any CPU
		{8B27714D-C14B-43F3-A4B1-5F1138C50BE0}.Release|Any CPU.ActiveCfg = Release|Any CPU
		{8B27714D-C14B-43F3-A4B1-5F1138C50BE0}.Release|Any CPU.Build.0 = Release|Any CPU
	EndGlobalSection
	GlobalSection(SolutionProperties) = preSolution
		HideSolutionNode = FALSE
	EndGlobalSection
	GlobalSection(ExtensibilityGlobals) = postSolution
		SolutionGuid = {1A937CCE-D9E9-4A50-BD56-7EBFC7F5F270}
	EndGlobalSection
EndGlobal
