
Microsoft Visual Studio Solution File, Format Version 12.00
# Visual Studio Version 17
VisualStudioVersion = 17.14.36301.6 d17.14
MinimumVisualStudioVersion = 10.0.40219.1
Project("{FAE04EC0-301F-11D3-BF4B-00C04F79EFBC}") = "Project1", "Project1\Project1.csproj", "{1D8118E1-D1A4-41ED-A3C3-65F41889402D}"
EndProject
Global
	GlobalSection(SolutionConfigurationPlatforms) = preSolution
		Debug|Any CPU = Debug|Any CPU
		Release|Any CPU = Release|Any CPU
	EndGlobalSection
	GlobalSection(ProjectConfigurationPlatforms) = postSolution
		{1D8118E1-D1A4-41ED-A3C3-65F41889402D}.Debug|Any CPU.ActiveCfg = Debug|Any CPU
		{1D8118E1-D1A4-41ED-A3C3-65F41889402D}.Debug|Any CPU.Build.0 = Debug|Any CPU
		{1D8118E1-D1A4-41ED-A3C3-65F41889402D}.Release|Any CPU.ActiveCfg = Release|Any CPU
		{1D8118E1-D1A4-41ED-A3C3-65F41889402D}.Release|Any CPU.Build.0 = Release|Any CPU
	EndGlobalSection
	GlobalSection(SolutionProperties) = preSolution
		HideSolutionNode = FALSE
	EndGlobalSection
	GlobalSection(ExtensibilityGlobals) = postSolution
		SolutionGuid = {48A238E8-1DCB-4098-A9B7-3BC8DC7284A2}
	EndGlobalSection
EndGlobal
