
Microsoft Visual Studio Solution File, Format Version 12.00
# Visual Studio Version 17
VisualStudioVersion = 17.14.36310.24 d17.14
MinimumVisualStudioVersion = 10.0.40219.1
Project("{FAE04EC0-301F-11D3-BF4B-00C04F79EFBC}") = "OOPs-Basics-practice -1", "OOPs-Basics-practice -1.csproj", "{EBD07F79-8948-4074-9766-15359D834BFE}"
EndProject
Global
	GlobalSection(SolutionConfigurationPlatforms) = preSolution
		Debug|Any CPU = Debug|Any CPU
		Release|Any CPU = Release|Any CPU
	EndGlobalSection
	GlobalSection(ProjectConfigurationPlatforms) = postSolution
		{EBD07F79-8948-4074-9766-15359D834BFE}.Debug|Any CPU.ActiveCfg = Debug|Any CPU
		{EBD07F79-8948-4074-9766-15359D834BFE}.Debug|Any CPU.Build.0 = Debug|Any CPU
		{EBD07F79-8948-4074-9766-15359D834BFE}.Release|Any CPU.ActiveCfg = Release|Any CPU
		{EBD07F79-8948-4074-9766-15359D834BFE}.Release|Any CPU.Build.0 = Release|Any CPU
	EndGlobalSection
	GlobalSection(SolutionProperties) = preSolution
		HideSolutionNode = FALSE
	EndGlobalSection
	GlobalSection(ExtensibilityGlobals) = postSolution
		SolutionGuid = {68847F75-DF31-42FC-B956-C284371D18D7}
	EndGlobalSection
EndGlobal
