
Microsoft Visual Studio Solution File, Format Version 12.00
# Visual Studio Version 17
VisualStudioVersion = 17.14.36310.24 d17.14
MinimumVisualStudioVersion = 10.0.40219.1
Project("{FAE04EC0-301F-11D3-BF4B-00C04F79EFBC}") = "LINQDEMO", "LINQDEMO.csproj", "{C3B7BC3E-1CAC-4A60-BD1B-71AAE3D8E0CE}"
EndProject
Global
	GlobalSection(SolutionConfigurationPlatforms) = preSolution
		Debug|Any CPU = Debug|Any CPU
		Release|Any CPU = Release|Any CPU
	EndGlobalSection
	GlobalSection(ProjectConfigurationPlatforms) = postSolution
		{C3B7BC3E-1CAC-4A60-BD1B-71AAE3D8E0CE}.Debug|Any CPU.ActiveCfg = Debug|Any CPU
		{C3B7BC3E-1CAC-4A60-BD1B-71AAE3D8E0CE}.Debug|Any CPU.Build.0 = Debug|Any CPU
		{C3B7BC3E-1CAC-4A60-BD1B-71AAE3D8E0CE}.Release|Any CPU.ActiveCfg = Release|Any CPU
		{C3B7BC3E-1CAC-4A60-BD1B-71AAE3D8E0CE}.Release|Any CPU.Build.0 = Release|Any CPU
	EndGlobalSection
	GlobalSection(SolutionProperties) = preSolution
		HideSolutionNode = FALSE
	EndGlobalSection
	GlobalSection(ExtensibilityGlobals) = postSolution
		SolutionGuid = {5FE1D79E-A38F-4343-8ECC-7020AC3C55B1}
	EndGlobalSection
EndGlobal
